
Microsoft Visual Studio Solution File, Format Version 12.00
# Visual Studio 15
VisualStudioVersion = 15.0.28010.2048
MinimumVisualStudioVersion = 10.0.40219.1
Project("{FAE04EC0-301F-11D3-BF4B-00C04F79EFBC}") = "GitHubIntegration", "GitHubIntegration\GitHubIntegration.csproj", "{A112E27E-76B5-467E-BF0F-E6115ACF792C}"
EndProject
Global
	GlobalSection(SolutionConfigurationPlatforms) = preSolution
		Debug|Any CPU = Debug|Any CPU
		Release|Any CPU = Release|Any CPU
	EndGlobalSection
	GlobalSection(ProjectConfigurationPlatforms) = postSolution
		{A112E27E-76B5-467E-BF0F-E6115ACF792C}.Debug|Any CPU.ActiveCfg = Debug|Any CPU
		{A112E27E-76B5-467E-BF0F-E6115ACF792C}.Debug|Any CPU.Build.0 = Debug|Any CPU
		{A112E27E-76B5-467E-BF0F-E6115ACF792C}.Release|Any CPU.ActiveCfg = Release|Any CPU
		{A112E27E-76B5-467E-BF0F-E6115ACF792C}.Release|Any CPU.Build.0 = Release|Any CPU
	EndGlobalSection
	GlobalSection(SolutionProperties) = preSolution
		HideSolutionNode = FALSE
	EndGlobalSection
	GlobalSection(ExtensibilityGlobals) = postSolution
		SolutionGuid = {466BEE0E-2373-485D-9814-50A4194A186B}
	EndGlobalSection
EndGlobal
